{
  "pins" : [
    {
      "identity" : "openai-streaming-completions-swift",
      "kind" : "remoteSourceControl",
      "location" : "https://github.com/SteveYuOWO/openai-streaming-completions-swift",
      "state" : {
        "branch" : "main",
        "revision" : "be21622e56d3942946c97e1c6bd8d7ec392097a6"
      }
    },
    {
      "identity" : "swift-markdown-ui",
      "kind" : "remoteSourceControl",
      "location" : "https://github.com/gonzalezreal/swift-markdown-ui",
      "state" : {
        "revision" : "4392c3cefd08db10f13ffb019d7c7a4a622824f5",
        "version" : "2.0.2"
      }
    }
  ],
  "version" : 2
}
