// !$*UTF8*$!
{
	archiveVersion = 1;
	classes = {
	};
	objectVersion = 56;
	objects = {

/* Begin PBXBuildFile section */
		9F01FD4A29CBF9F8009AB26E /* CompletionView.swift in Sources */ = {isa = PBXBuildFile; fileRef = 9F01FD4929CBF9F8009AB26E /* CompletionView.swift */; };
		9F01FD4C29CBFA35009AB26E /* MessageView.swift in Sources */ = {isa = PBXBuildFile; fileRef = 9F01FD4B29CBFA35009AB26E /* MessageView.swift */; };
		9F51FE9029C88C2F00E88ABE /* DogeChatApp.swift in Sources */ = {isa = PBXBuildFile; fileRef = 9F51FE8F29C88C2F00E88ABE /* DogeChatApp.swift */; };
		9F51FE9229C88C2F00E88ABE /* MainView.swift in Sources */ = {isa = PBXBuildFile; fileRef = 9F51FE9129C88C2F00E88ABE /* MainView.swift */; };
		9F51FE9429C88C3000E88ABE /* Assets.xcassets in Resources */ = {isa = PBXBuildFile; fileRef = 9F51FE9329C88C3000E88ABE /* Assets.xcassets */; };
		9F51FE9729C88C3000E88ABE /* Preview Assets.xcassets in Resources */ = {isa = PBXBuildFile; fileRef = 9F51FE9629C88C3000E88ABE /* Preview Assets.xcassets */; };
		9F51FE9F29C88CDB00E88ABE /* DogeChatView.swift in Sources */ = {isa = PBXBuildFile; fileRef = 9F51FE9E29C88CDB00E88ABE /* DogeChatView.swift */; };
		9F51FEAF29C8A23C00E88ABE /* AppConfig.swift in Sources */ = {isa = PBXBuildFile; fileRef = 9F51FEAE29C8A23C00E88ABE /* AppConfig.swift */; };
		9F831A2129CA4C18006FD154 /* OpenAIStreamingCompletions in Frameworks */ = {isa = PBXBuildFile; productRef = 9F831A2029CA4C18006FD154 /* OpenAIStreamingCompletions */; };
		9FBBE3B629C8EAB700CB28F1 /* MarkdownUI in Frameworks */ = {isa = PBXBuildFile; productRef = 9FBBE3B529C8EAB700CB28F1 /* MarkdownUI */; };
		9FBBE3CC29C9FD0C00CB28F1 /* OpenAI.swift in Sources */ = {isa = PBXBuildFile; fileRef = 9FBBE3CB29C9FD0C00CB28F1 /* OpenAI.swift */; };
		9FF74F5129CB089F005309CA /* ConfigView.swift in Sources */ = {isa = PBXBuildFile; fileRef = 9FF74F5029CB089F005309CA /* ConfigView.swift */; };
/* End PBXBuildFile section */

/* Begin PBXFileReference section */
		9F01FD4929CBF9F8009AB26E /* CompletionView.swift */ = {isa = PBXFileReference; lastKnownFileType = sourcecode.swift; path = CompletionView.swift; sourceTree = "<group>"; };
		9F01FD4B29CBFA35009AB26E /* MessageView.swift */ = {isa = PBXFileReference; lastKnownFileType = sourcecode.swift; path = MessageView.swift; sourceTree = "<group>"; };
		9F51FE8C29C88C2F00E88ABE /* DogeChat.app */ = {isa = PBXFileReference; explicitFileType = wrapper.application; includeInIndex = 0; path = DogeChat.app; sourceTree = BUILT_PRODUCTS_DIR; };
		9F51FE8F29C88C2F00E88ABE /* DogeChatApp.swift */ = {isa = PBXFileReference; lastKnownFileType = sourcecode.swift; path = DogeChatApp.swift; sourceTree = "<group>"; };
		9F51FE9129C88C2F00E88ABE /* MainView.swift */ = {isa = PBXFileReference; lastKnownFileType = sourcecode.swift; path = MainView.swift; sourceTree = "<group>"; };
		9F51FE9329C88C3000E88ABE /* Assets.xcassets */ = {isa = PBXFileReference; lastKnownFileType = folder.assetcatalog; path = Assets.xcassets; sourceTree = "<group>"; };
		9F51FE9629C88C3000E88ABE /* Preview Assets.xcassets */ = {isa = PBXFileReference; lastKnownFileType = folder.assetcatalog; path = "Preview Assets.xcassets"; sourceTree = "<group>"; };
		9F51FE9E29C88CDB00E88ABE /* DogeChatView.swift */ = {isa = PBXFileReference; lastKnownFileType = sourcecode.swift; path = DogeChatView.swift; sourceTree = "<group>"; };
		9F51FEAE29C8A23C00E88ABE /* AppConfig.swift */ = {isa = PBXFileReference; lastKnownFileType = sourcecode.swift; path = AppConfig.swift; sourceTree = "<group>"; };
		9FBBE3CB29C9FD0C00CB28F1 /* OpenAI.swift */ = {isa = PBXFileReference; lastKnownFileType = sourcecode.swift; path = OpenAI.swift; sourceTree = "<group>"; };
		9FF74F5029CB089F005309CA /* ConfigView.swift */ = {isa = PBXFileReference; lastKnownFileType = sourcecode.swift; path = ConfigView.swift; sourceTree = "<group>"; };
/* End PBXFileReference section */

/* Begin PBXFrameworksBuildPhase section */
		9F51FE8929C88C2F00E88ABE /* Frameworks */ = {
			isa = PBXFrameworksBuildPhase;
			buildActionMask = 2147483647;
			files = (
				9FBBE3B629C8EAB700CB28F1 /* MarkdownUI in Frameworks */,
				9F831A2129CA4C18006FD154 /* OpenAIStreamingCompletions in Frameworks */,
			);
			runOnlyForDeploymentPostprocessing = 0;
		};
/* End PBXFrameworksBuildPhase section */

/* Begin PBXGroup section */
		9F51FE8329C88C2F00E88ABE = {
			isa = PBXGroup;
			children = (
				9F51FE8E29C88C2F00E88ABE /* DogeChat */,
				9F51FE8D29C88C2F00E88ABE /* Products */,
			);
			sourceTree = "<group>";
		};
		9F51FE8D29C88C2F00E88ABE /* Products */ = {
			isa = PBXGroup;
			children = (
				9F51FE8C29C88C2F00E88ABE /* DogeChat.app */,
			);
			name = Products;
			sourceTree = "<group>";
		};
		9F51FE8E29C88C2F00E88ABE /* DogeChat */ = {
			isa = PBXGroup;
			children = (
				9F51FEAD29C8A22600E88ABE /* Data */,
				9F51FEAA29C8917100E88ABE /* Library */,
				9F51FE9D29C88C3700E88ABE /* Components */,
				9F51FE9329C88C3000E88ABE /* Assets.xcassets */,
				9F51FE9529C88C3000E88ABE /* Preview Content */,
			);
			path = DogeChat;
			sourceTree = "<group>";
		};
		9F51FE9529C88C3000E88ABE /* Preview Content */ = {
			isa = PBXGroup;
			children = (
				9F51FE9629C88C3000E88ABE /* Preview Assets.xcassets */,
			);
			path = "Preview Content";
			sourceTree = "<group>";
		};
		9F51FE9D29C88C3700E88ABE /* Components */ = {
			isa = PBXGroup;
			children = (
				9F51FE8F29C88C2F00E88ABE /* DogeChatApp.swift */,
				9F51FE9129C88C2F00E88ABE /* MainView.swift */,
				9F51FE9E29C88CDB00E88ABE /* DogeChatView.swift */,
				9FF74F5029CB089F005309CA /* ConfigView.swift */,
				9F01FD4929CBF9F8009AB26E /* CompletionView.swift */,
				9F01FD4B29CBFA35009AB26E /* MessageView.swift */,
			);
			path = Components;
			sourceTree = "<group>";
		};
		9F51FEAA29C8917100E88ABE /* Library */ = {
			isa = PBXGroup;
			children = (
				9FBBE3CB29C9FD0C00CB28F1 /* OpenAI.swift */,
			);
			path = Library;
			sourceTree = "<group>";
		};
		9F51FEAD29C8A22600E88ABE /* Data */ = {
			isa = PBXGroup;
			children = (
				9F51FEAE29C8A23C00E88ABE /* AppConfig.swift */,
			);
			path = Data;
			sourceTree = "<group>";
		};
/* End PBXGroup section */

/* Begin PBXNativeTarget section */
		9F51FE8B29C88C2F00E88ABE /* DogeChat */ = {
			isa = PBXNativeTarget;
			buildConfigurationList = 9F51FE9A29C88C3000E88ABE /* Build configuration list for PBXNativeTarget "DogeChat" */;
			buildPhases = (
				9F51FE8829C88C2F00E88ABE /* Sources */,
				9F51FE8929C88C2F00E88ABE /* Frameworks */,
				9F51FE8A29C88C2F00E88ABE /* Resources */,
			);
			buildRules = (
			);
			dependencies = (
			);
			name = DogeChat;
			packageProductDependencies = (
				9FBBE3B529C8EAB700CB28F1 /* MarkdownUI */,
				9F831A2029CA4C18006FD154 /* OpenAIStreamingCompletions */,
			);
			productName = DogeChat;
			productReference = 9F51FE8C29C88C2F00E88ABE /* DogeChat.app */;
			productType = "com.apple.product-type.application";
		};
/* End PBXNativeTarget section */

/* Begin PBXProject section */
		9F51FE8429C88C2F00E88ABE /* Project object */ = {
			isa = PBXProject;
			attributes = {
				BuildIndependentTargetsInParallel = 1;
				LastSwiftUpdateCheck = 1420;
				LastUpgradeCheck = 1420;
				TargetAttributes = {
					9F51FE8B29C88C2F00E88ABE = {
						CreatedOnToolsVersion = 14.2;
					};
				};
			};
			buildConfigurationList = 9F51FE8729C88C2F00E88ABE /* Build configuration list for PBXProject "DogeChat" */;
			compatibilityVersion = "Xcode 14.0";
			developmentRegion = en;
			hasScannedForEncodings = 0;
			knownRegions = (
				en,
				Base,
			);
			mainGroup = 9F51FE8329C88C2F00E88ABE;
			packageReferences = (
				9FBBE3B429C8EAB700CB28F1 /* XCRemoteSwiftPackageReference "swift-markdown-ui" */,
				9F831A1F29CA4C18006FD154 /* XCRemoteSwiftPackageReference "openai-streaming-completions-swift" */,
			);
			productRefGroup = 9F51FE8D29C88C2F00E88ABE /* Products */;
			projectDirPath = "";
			projectRoot = "";
			targets = (
				9F51FE8B29C88C2F00E88ABE /* DogeChat */,
			);
		};
/* End PBXProject section */

/* Begin PBXResourcesBuildPhase section */
		9F51FE8A29C88C2F00E88ABE /* Resources */ = {
			isa = PBXResourcesBuildPhase;
			buildActionMask = 2147483647;
			files = (
				9F51FE9729C88C3000E88ABE /* Preview Assets.xcassets in Resources */,
				9F51FE9429C88C3000E88ABE /* Assets.xcassets in Resources */,
			);
			runOnlyForDeploymentPostprocessing = 0;
		};
/* End PBXResourcesBuildPhase section */

/* Begin PBXSourcesBuildPhase section */
		9F51FE8829C88C2F00E88ABE /* Sources */ = {
			isa = PBXSourcesBuildPhase;
			buildActionMask = 2147483647;
			files = (
				9F01FD4A29CBF9F8009AB26E /* CompletionView.swift in Sources */,
				9F51FE9229C88C2F00E88ABE /* MainView.swift in Sources */,
				9F51FE9029C88C2F00E88ABE /* DogeChatApp.swift in Sources */,
				9F51FE9F29C88CDB00E88ABE /* DogeChatView.swift in Sources */,
				9F01FD4C29CBFA35009AB26E /* MessageView.swift in Sources */,
				9FF74F5129CB089F005309CA /* ConfigView.swift in Sources */,
				9FBBE3CC29C9FD0C00CB28F1 /* OpenAI.swift in Sources */,
				9F51FEAF29C8A23C00E88ABE /* AppConfig.swift in Sources */,
			);
			runOnlyForDeploymentPostprocessing = 0;
		};
/* End PBXSourcesBuildPhase section */

/* Begin XCBuildConfiguration section */
		9F51FE9829C88C3000E88ABE /* Debug */ = {
			isa = XCBuildConfiguration;
			buildSettings = {
				ALWAYS_SEARCH_USER_PATHS = NO;
				CLANG_ANALYZER_NONNULL = YES;
				CLANG_ANALYZER_NUMBER_OBJECT_CONVERSION = YES_AGGRESSIVE;
				CLANG_CXX_LANGUAGE_STANDARD = "gnu++20";
				CLANG_ENABLE_MODULES = YES;
				CLANG_ENABLE_OBJC_ARC = YES;
				CLANG_ENABLE_OBJC_WEAK = YES;
				CLANG_WARN_BLOCK_CAPTURE_AUTORELEASING = YES;
				CLANG_WARN_BOOL_CONVERSION = YES;
				CLANG_WARN_COMMA = YES;
				CLANG_WARN_CONSTANT_CONVERSION = YES;
				CLANG_WARN_DEPRECATED_OBJC_IMPLEMENTATIONS = YES;
				CLANG_WARN_DIRECT_OBJC_ISA_USAGE = YES_ERROR;
				CLANG_WARN_DOCUMENTATION_COMMENTS = YES;
				CLANG_WARN_EMPTY_BODY = YES;
				CLANG_WARN_ENUM_CONVERSION = YES;
				CLANG_WARN_INFINITE_RECURSION = YES;
				CLANG_WARN_INT_CONVERSION = YES;
				CLANG_WARN_NON_LITERAL_NULL_CONVERSION = YES;
				CLANG_WARN_OBJC_IMPLICIT_RETAIN_SELF = YES;
				CLANG_WARN_OBJC_LITERAL_CONVERSION = YES;
				CLANG_WARN_OBJC_ROOT_CLASS = YES_ERROR;
				CLANG_WARN_QUOTED_INCLUDE_IN_FRAMEWORK_HEADER = YES;
				CLANG_WARN_RANGE_LOOP_ANALYSIS = YES;
				CLANG_WARN_STRICT_PROTOTYPES = YES;
				CLANG_WARN_SUSPICIOUS_MOVE = YES;
				CLANG_WARN_UNGUARDED_AVAILABILITY = YES_AGGRESSIVE;
				CLANG_WARN_UNREACHABLE_CODE = YES;
				CLANG_WARN__DUPLICATE_METHOD_MATCH = YES;
				COPY_PHASE_STRIP = NO;
				DEBUG_INFORMATION_FORMAT = dwarf;
				ENABLE_STRICT_OBJC_MSGSEND = YES;
				ENABLE_TESTABILITY = YES;
				GCC_C_LANGUAGE_STANDARD = gnu11;
				GCC_DYNAMIC_NO_PIC = NO;
				GCC_NO_COMMON_BLOCKS = YES;
				GCC_OPTIMIZATION_LEVEL = 0;
				GCC_PREPROCESSOR_DEFINITIONS = (
					"DEBUG=1",
					"$(inherited)",
				);
				GCC_WARN_64_TO_32_BIT_CONVERSION = YES;
				GCC_WARN_ABOUT_RETURN_TYPE = YES_ERROR;
				GCC_WARN_UNDECLARED_SELECTOR = YES;
				GCC_WARN_UNINITIALIZED_AUTOS = YES_AGGRESSIVE;
				GCC_WARN_UNUSED_FUNCTION = YES;
				GCC_WARN_UNUSED_VARIABLE = YES;
				IPHONEOS_DEPLOYMENT_TARGET = 15.0;
				MTL_ENABLE_DEBUG_INFO = INCLUDE_SOURCE;
				MTL_FAST_MATH = YES;
				ONLY_ACTIVE_ARCH = YES;
				SDKROOT = iphoneos;
				SWIFT_ACTIVE_COMPILATION_CONDITIONS = DEBUG;
				SWIFT_OPTIMIZATION_LEVEL = "-Onone";
			};
			name = Debug;
		};
		9F51FE9929C88C3000E88ABE /* Release */ = {
			isa = XCBuildConfiguration;
			buildSettings = {
				ALWAYS_SEARCH_USER_PATHS = NO;
				CLANG_ANALYZER_NONNULL = YES;
				CLANG_ANALYZER_NUMBER_OBJECT_CONVERSION = YES_AGGRESSIVE;
				CLANG_CXX_LANGUAGE_STANDARD = "gnu++20";
				CLANG_ENABLE_MODULES = YES;
				CLANG_ENABLE_OBJC_ARC = YES;
				CLANG_ENABLE_OBJC_WEAK = YES;
				CLANG_WARN_BLOCK_CAPTURE_AUTORELEASING = YES;
				CLANG_WARN_BOOL_CONVERSION = YES;
				CLANG_WARN_COMMA = YES;
				CLANG_WARN_CONSTANT_CONVERSION = YES;
				CLANG_WARN_DEPRECATED_OBJC_IMPLEMENTATIONS = YES;
				CLANG_WARN_DIRECT_OBJC_ISA_USAGE = YES_ERROR;
				CLANG_WARN_DOCUMENTATION_COMMENTS = YES;
				CLANG_WARN_EMPTY_BODY = YES;
				CLANG_WARN_ENUM_CONVERSION = YES;
				CLANG_WARN_INFINITE_RECURSION = YES;
				CLANG_WARN_INT_CONVERSION = YES;
				CLANG_WARN_NON_LITERAL_NULL_CONVERSION = YES;
				CLANG_WARN_OBJC_IMPLICIT_RETAIN_SELF = YES;
				CLANG_WARN_OBJC_LITERAL_CONVERSION = YES;
				CLANG_WARN_OBJC_ROOT_CLASS = YES_ERROR;
				CLANG_WARN_QUOTED_INCLUDE_IN_FRAMEWORK_HEADER = YES;
				CLANG_WARN_RANGE_LOOP_ANALYSIS = YES;
				CLANG_WARN_STRICT_PROTOTYPES = YES;
				CLANG_WARN_SUSPICIOUS_MOVE = YES;
				CLANG_WARN_UNGUARDED_AVAILABILITY = YES_AGGRESSIVE;
				CLANG_WARN_UNREACHABLE_CODE = YES;
				CLANG_WARN__DUPLICATE_METHOD_MATCH = YES;
				COPY_PHASE_STRIP = NO;
				DEBUG_INFORMATION_FORMAT = "dwarf-with-dsym";
				ENABLE_NS_ASSERTIONS = NO;
				ENABLE_STRICT_OBJC_MSGSEND = YES;
				GCC_C_LANGUAGE_STANDARD = gnu11;
				GCC_NO_COMMON_BLOCKS = YES;
				GCC_WARN_64_TO_32_BIT_CONVERSION = YES;
				GCC_WARN_ABOUT_RETURN_TYPE = YES_ERROR;
				GCC_WARN_UNDECLARED_SELECTOR = YES;
				GCC_WARN_UNINITIALIZED_AUTOS = YES_AGGRESSIVE;
				GCC_WARN_UNUSED_FUNCTION = YES;
				GCC_WARN_UNUSED_VARIABLE = YES;
				IPHONEOS_DEPLOYMENT_TARGET = 15.0;
				MTL_ENABLE_DEBUG_INFO = NO;
				MTL_FAST_MATH = YES;
				ONLY_ACTIVE_ARCH = YES;
				SDKROOT = iphoneos;
				SWIFT_COMPILATION_MODE = wholemodule;
				SWIFT_OPTIMIZATION_LEVEL = "-O";
				VALIDATE_PRODUCT = YES;
			};
			name = Release;
		};
		9F51FE9B29C88C3000E88ABE /* Debug */ = {
			isa = XCBuildConfiguration;
			buildSettings = {
				ASSETCATALOG_COMPILER_APPICON_NAME = AppIcon;
				ASSETCATALOG_COMPILER_GLOBAL_ACCENT_COLOR_NAME = AccentColor;
				CODE_SIGN_STYLE = Automatic;
				CURRENT_PROJECT_VERSION = 1;
				DEVELOPMENT_ASSET_PATHS = "\"DogeChat/Preview Content\"";
				DEVELOPMENT_TEAM = 49LSS4CMK7;
				ENABLE_PREVIEWS = YES;
				GENERATE_INFOPLIST_FILE = YES;
				INFOPLIST_KEY_LSApplicationCategoryType = "public.app-category.productivity";
				INFOPLIST_KEY_UIApplicationSceneManifest_Generation = YES;
				INFOPLIST_KEY_UIApplicationSupportsIndirectInputEvents = YES;
				INFOPLIST_KEY_UILaunchScreen_Generation = YES;
				INFOPLIST_KEY_UISupportedInterfaceOrientations_iPad = "UIInterfaceOrientationPortrait UIInterfaceOrientationPortraitUpsideDown UIInterfaceOrientationLandscapeLeft UIInterfaceOrientationLandscapeRight";
				INFOPLIST_KEY_UISupportedInterfaceOrientations_iPhone = "UIInterfaceOrientationPortrait UIInterfaceOrientationLandscapeLeft UIInterfaceOrientationLandscapeRight";
				LD_RUNPATH_SEARCH_PATHS = (
					"$(inherited)",
					"@executable_path/Frameworks",
				);
				MARKETING_VERSION = 1.2;
				PRODUCT_BUNDLE_IDENTIFIER = com.steveyuowo.DogeChat;
				PRODUCT_NAME = "$(TARGET_NAME)";
				SUPPORTED_PLATFORMS = "iphoneos iphonesimulator";
				SUPPORTS_MACCATALYST = NO;
				SUPPORTS_MAC_DESIGNED_FOR_IPHONE_IPAD = NO;
				SWIFT_EMIT_LOC_STRINGS = YES;
				SWIFT_VERSION = 5.0;
				TARGETED_DEVICE_FAMILY = "1,2";
			};
			name = Debug;
		};
		9F51FE9C29C88C3000E88ABE /* Release */ = {
			isa = XCBuildConfiguration;
			buildSettings = {
				ASSETCATALOG_COMPILER_APPICON_NAME = AppIcon;
				ASSETCATALOG_COMPILER_GLOBAL_ACCENT_COLOR_NAME = AccentColor;
				CODE_SIGN_STYLE = Automatic;
				CURRENT_PROJECT_VERSION = 1;
				DEVELOPMENT_ASSET_PATHS = "\"DogeChat/Preview Content\"";
				DEVELOPMENT_TEAM = 49LSS4CMK7;
				ENABLE_PREVIEWS = YES;
				GENERATE_INFOPLIST_FILE = YES;
				INFOPLIST_KEY_LSApplicationCategoryType = "public.app-category.productivity";
				INFOPLIST_KEY_UIApplicationSceneManifest_Generation = YES;
				INFOPLIST_KEY_UIApplicationSupportsIndirectInputEvents = YES;
				INFOPLIST_KEY_UILaunchScreen_Generation = YES;
				INFOPLIST_KEY_UISupportedInterfaceOrientations_iPad = "UIInterfaceOrientationPortrait UIInterfaceOrientationPortraitUpsideDown UIInterfaceOrientationLandscapeLeft UIInterfaceOrientationLandscapeRight";
				INFOPLIST_KEY_UISupportedInterfaceOrientations_iPhone = "UIInterfaceOrientationPortrait UIInterfaceOrientationLandscapeLeft UIInterfaceOrientationLandscapeRight";
				LD_RUNPATH_SEARCH_PATHS = (
					"$(inherited)",
					"@executable_path/Frameworks",
				);
				MARKETING_VERSION = 1.2;
				PRODUCT_BUNDLE_IDENTIFIER = com.steveyuowo.DogeChat;
				PRODUCT_NAME = "$(TARGET_NAME)";
				SUPPORTED_PLATFORMS = "iphoneos iphonesimulator";
				SUPPORTS_MACCATALYST = NO;
				SUPPORTS_MAC_DESIGNED_FOR_IPHONE_IPAD = NO;
				SWIFT_EMIT_LOC_STRINGS = YES;
				SWIFT_VERSION = 5.0;
				TARGETED_DEVICE_FAMILY = "1,2";
			};
			name = Release;
		};
/* End XCBuildConfiguration section */

/* Begin XCConfigurationList section */
		9F51FE8729C88C2F00E88ABE /* Build configuration list for PBXProject "DogeChat" */ = {
			isa = XCConfigurationList;
			buildConfigurations = (
				9F51FE9829C88C3000E88ABE /* Debug */,
				9F51FE9929C88C3000E88ABE /* Release */,
			);
			defaultConfigurationIsVisible = 0;
			defaultConfigurationName = Release;
		};
		9F51FE9A29C88C3000E88ABE /* Build configuration list for PBXNativeTarget "DogeChat" */ = {
			isa = XCConfigurationList;
			buildConfigurations = (
				9F51FE9B29C88C3000E88ABE /* Debug */,
				9F51FE9C29C88C3000E88ABE /* Release */,
			);
			defaultConfigurationIsVisible = 0;
			defaultConfigurationName = Release;
		};
/* End XCConfigurationList section */

/* Begin XCRemoteSwiftPackageReference section */
		9F831A1F29CA4C18006FD154 /* XCRemoteSwiftPackageReference "openai-streaming-completions-swift" */ = {
			isa = XCRemoteSwiftPackageReference;
			repositoryURL = "https://github.com/SteveYuOWO/openai-streaming-completions-swift";
			requirement = {
				branch = main;
				kind = branch;
			};
		};
		9FBBE3B429C8EAB700CB28F1 /* XCRemoteSwiftPackageReference "swift-markdown-ui" */ = {
			isa = XCRemoteSwiftPackageReference;
			repositoryURL = "https://github.com/gonzalezreal/swift-markdown-ui";
			requirement = {
				kind = upToNextMajorVersion;
				minimumVersion = 2.0.0;
			};
		};
/* End XCRemoteSwiftPackageReference section */

/* Begin XCSwiftPackageProductDependency section */
		9F831A2029CA4C18006FD154 /* OpenAIStreamingCompletions */ = {
			isa = XCSwiftPackageProductDependency;
			package = 9F831A1F29CA4C18006FD154 /* XCRemoteSwiftPackageReference "openai-streaming-completions-swift" */;
			productName = OpenAIStreamingCompletions;
		};
		9FBBE3B529C8EAB700CB28F1 /* MarkdownUI */ = {
			isa = XCSwiftPackageProductDependency;
			package = 9FBBE3B429C8EAB700CB28F1 /* XCRemoteSwiftPackageReference "swift-markdown-ui" */;
			productName = MarkdownUI;
		};
/* End XCSwiftPackageProductDependency section */
	};
	rootObject = 9F51FE8429C88C2F00E88ABE /* Project object */;
}
